
Microsoft Visual Studio Solution File, Format Version 12.00
# Visual Studio Version 16
VisualStudioVersion = 16.0.29728.190
MinimumVisualStudioVersion = 10.0.40219.1
Project("{FAE04EC0-301F-11D3-BF4B-00C04F79EFBC}") = "Capstone_TaskList", "Capstone_TaskList\Capstone_TaskList.csproj", "{26A96D5B-2C5D-4710-874A-E40CD20DCADE}"
EndProject
Global
	GlobalSection(SolutionConfigurationPlatforms) = preSolution
		Debug|Any CPU = Debug|Any CPU
		Release|Any CPU = Release|Any CPU
	EndGlobalSection
	GlobalSection(ProjectConfigurationPlatforms) = postSolution
		{26A96D5B-2C5D-4710-874A-E40CD20DCADE}.Debug|Any CPU.ActiveCfg = Debug|Any CPU
		{26A96D5B-2C5D-4710-874A-E40CD20DCADE}.Debug|Any CPU.Build.0 = Debug|Any CPU
		{26A96D5B-2C5D-4710-874A-E40CD20DCADE}.Release|Any CPU.ActiveCfg = Release|Any CPU
		{26A96D5B-2C5D-4710-874A-E40CD20DCADE}.Release|Any CPU.Build.0 = Release|Any CPU
	EndGlobalSection
	GlobalSection(SolutionProperties) = preSolution
		HideSolutionNode = FALSE
	EndGlobalSection
	GlobalSection(ExtensibilityGlobals) = postSolution
		SolutionGuid = {57D10A25-02D5-43E1-AFE8-4A427B265AAA}
	EndGlobalSection
EndGlobal
